
Microsoft Visual Studio Solution File, Format Version 12.00
# Visual Studio Version 16
VisualStudioVersion = 16.0.31515.178
MinimumVisualStudioVersion = 10.0.40219.1
Project("{8BC9CEB8-8B4A-11D0-8D11-00A0C91BC942}") = "Circle", "Chapter2\Circle\Circle.vcxproj", "{18AD1993-A70D-438F-9DB5-92E718C8C0F0}"
EndProject
Project("{8BC9CEB8-8B4A-11D0-8D11-00A0C91BC942}") = "CircularAnnuluses", "Chapter2\CircularAnnuluses\CircularAnnuluses.vcxproj", "{C6C9FEBC-0F61-4290-900A-5CD5A543225A}"
EndProject
Project("{8BC9CEB8-8B4A-11D0-8D11-00A0C91BC942}") = "ExperimentAnomalousOutput", "Chapter2\ExperimentAnomalousOutput\ExperimentAnomalousOutput.vcxproj", "{95802C29-F662-492A-A73F-74C7757C0ED2}"
EndProject
Project("{8BC9CEB8-8B4A-11D0-8D11-00A0C91BC942}") = "ExperimentAnotherSquare", "Chapter2\ExperimentAnotherSquare\ExperimentAnotherSquare.vcxproj", "{B17A9BDA-3C0E-4D54-87D9-F258E379DBEF}"
EndProject
Project("{8BC9CEB8-8B4A-11D0-8D11-00A0C91BC942}") = "ExperimentClippingTriangle", "Chapter2\ExperimentClippingTriangle\ExperimentClippingTriangle.vcxproj", "{0BF5854D-B4FD-4658-A735-6D86E76E05B5}"
EndProject
Project("{8BC9CEB8-8B4A-11D0-8D11-00A0C91BC942}") = "ExperimentConvex5Polygon", "Chapter2\ExperimentConvex5Polygon\ExperimentConvex5Polygon.vcxproj", "{E318AC53-B0B9-4378-B00E-274C4F6BA6CF}"
EndProject
Project("{8BC9CEB8-8B4A-11D0-8D11-00A0C91BC942}") = "ExperimentForegroundColor", "Chapter2\ExperimentForegroundColor\ExperimentForegroundColor.vcxproj", "{B0541B67-E22A-4B9C-8AB5-60E7150B1FFB}"
EndProject
Project("{8BC9CEB8-8B4A-11D0-8D11-00A0C91BC942}") = "ExperimentInterpolateColorsSquare", "Chapter2\ExperimentInterpolateColorsSquare\ExperimentInterpolateColorsSquare.vcxproj", "{ACFCA661-642D-4E90-8D94-A930B305E93D}"
EndProject
Project("{8BC9CEB8-8B4A-11D0-8D11-00A0C91BC942}") = "ExperimentLines", "Chapter2\ExperimentLines\ExperimentLines.vcxproj", "{97A11EDA-5745-4DA9-B4EA-3D226519F47F}"
EndProject
Project("{8BC9CEB8-8B4A-11D0-8D11-00A0C91BC942}") = "ExperimentPoints", "Chapter2\ExperimentPoints\ExperimentPoints.vcxproj", "{40DBCB03-ABFA-44E5-9716-0BB12B38E2E2}"
EndProject
Project("{8BC9CEB8-8B4A-11D0-8D11-00A0C91BC942}") = "ExperimentRectf", "Chapter2\ExperimentRectf\ExperimentRectf.vcxproj", "{2D95C3B0-5804-4D55-A182-CD56CB3A2753}"
EndProject
Project("{8BC9CEB8-8B4A-11D0-8D11-00A0C91BC942}") = "ExperimentTriangleFan", "Chapter2\ExperimentTriangleFan\ExperimentTriangleFan.vcxproj", "{A08CAE4B-D19F-47BB-B0D0-6B50AB59A16C}"
EndProject
Project("{8BC9CEB8-8B4A-11D0-8D11-00A0C91BC942}") = "ExperimentTriangles", "Chapter2\ExperimentTriangles\ExperimentTriangles.vcxproj", "{E581EA03-A18C-4C15-A48F-E9B6C097B157}"
EndProject
Project("{8BC9CEB8-8B4A-11D0-8D11-00A0C91BC942}") = "ExperimentTriangleStrip", "Chapter2\ExperimentTriangleStrip\ExperimentTriangleStrip.vcxproj", "{DF7397D4-B26B-41E8-B05E-F8067738A4B9}"
EndProject
Project("{8BC9CEB8-8B4A-11D0-8D11-00A0C91BC942}") = "ExperimentTwoSquares", "Chapter2\ExperimentTwoSquares\ExperimentTwoSquares.vcxproj", "{919B2913-E460-4733-A329-90C42AA72E27}"
EndProject
Project("{8BC9CEB8-8B4A-11D0-8D11-00A0C91BC942}") = "Helix", "Chapter2\Helix\Helix.vcxproj", "{C4051427-47D3-45F3-BD58-C1EC9CE734F6}"
EndProject
Project("{8BC9CEB8-8B4A-11D0-8D11-00A0C91BC942}") = "Hemisphere", "Chapter2\Hemisphere\Hemisphere.vcxproj", "{5CD8537C-7DAD-47C5-AC2F-286A3DBB1701}"
EndProject
Project("{8BC9CEB8-8B4A-11D0-8D11-00A0C91BC942}") = "MoveSphere", "Chapter2\MoveSphere\MoveSphere.vcxproj", "{A3A7496D-64ED-4899-8D44-E5D489FCB187}"
EndProject
Project("{8BC9CEB8-8B4A-11D0-8D11-00A0C91BC942}") = "Parabola", "Chapter2\Parabola\Parabola.vcxproj", "{E1AF7F93-07D4-44D0-866D-0FE6AB37ABC6}"
EndProject
Project("{8BC9CEB8-8B4A-11D0-8D11-00A0C91BC942}") = "Square", "Chapter2\Square\Square.vcxproj", "{D9D328E5-7175-4A31-88C1-F12547A59613}"
EndProject
Project("{8BC9CEB8-8B4A-11D0-8D11-00A0C91BC942}") = "SquareGLFW", "Chapter2\SquareGLFW\SquareGLFW.vcxproj", "{95EDE99A-9CBB-4487-B506-ADE4F0483404}"
EndProject
Project("{8BC9CEB8-8B4A-11D0-8D11-00A0C91BC942}") = "StrangeK", "Chapter2\StrangeK\StrangeK.vcxproj", "{E82262BD-0E2F-429C-AE7F-3BFE1D39C45F}"
EndProject
Project("{8BC9CEB8-8B4A-11D0-8D11-00A0C91BC942}") = "Canvas", "Chapter3\Canvas\Canvas.vcxproj", "{92E92053-AB57-485C-8ED9-17C559766AFA}"
EndProject
Project("{8BC9CEB8-8B4A-11D0-8D11-00A0C91BC942}") = "CircleDrawElements", "Chapter3\CircleDrawElements\CircleDrawElements.vcxproj", "{6AAD19CF-7857-4204-A5B8-0EEB01317A28}"
EndProject
Project("{8BC9CEB8-8B4A-11D0-8D11-00A0C91BC942}") = "ClippingPlanes", "Chapter3\ClippingPlanes\ClippingPlanes.vcxproj", "{F57BF998-CA0C-427D-9BB6-225525B57574}"
EndProject
Project("{8BC9CEB8-8B4A-11D0-8D11-00A0C91BC942}") = "Fonts", "Chapter3\Fonts\Fonts.vcxproj", "{F45F6343-2DFA-47B9-AC1C-7BF311983CB0}"
EndProject
Project("{2150E333-8FDC-42A3-9474-1A3956D46DE8}") = "Chapter 2", "Chapter 2", "{075D24DD-2106-4922-BE5F-726D43D08A2D}"
EndProject
Project("{2150E333-8FDC-42A3-9474-1A3956D46DE8}") = "Chapter 3", "Chapter 3", "{71308C29-FC96-4E6F-9F5E-06C933CEEAAC}"
EndProject
Project("{8BC9CEB8-8B4A-11D0-8D11-00A0C91BC942}") = "GlutObjects", "Chapter3\GlutObjects\GlutObjects.vcxproj", "{81CE8FC2-98BD-4903-9EB9-DC2A4C4F06AF}"
EndProject
Project("{8BC9CEB8-8B4A-11D0-8D11-00A0C91BC942}") = "HelixList", "Chapter3\HelixList\HelixList.vcxproj", "{9E50FE8B-CBEC-4C21-BC71-DB73369D7937}"
EndProject
Project("{8BC9CEB8-8B4A-11D0-8D11-00A0C91BC942}") = "HemisphereMultidraw", "Chapter3\HemisphereMultidraw\HemisphereMultidraw.vcxproj", "{CCCD4272-AF0C-4DEE-B4AD-ED1FAEF9434B}"
EndProject
Project("{8BC9CEB8-8B4A-11D0-8D11-00A0C91BC942}") = "HemisphereMultidrawVBO", "Chapter3\HemisphereMultidrawVBO\HemisphereMultidrawVBO.vcxproj", "{FA7ED3D4-2AF0-4A51-A5F7-6AD92833BE8A}"
EndProject
Global
	GlobalSection(SolutionConfigurationPlatforms) = preSolution
		Debug|x64 = Debug|x64
		Debug|x86 = Debug|x86
		Release|x64 = Release|x64
		Release|x86 = Release|x86
	EndGlobalSection
	GlobalSection(ProjectConfigurationPlatforms) = postSolution
		{18AD1993-A70D-438F-9DB5-92E718C8C0F0}.Debug|x64.ActiveCfg = Debug|x64
		{18AD1993-A70D-438F-9DB5-92E718C8C0F0}.Debug|x64.Build.0 = Debug|x64
		{18AD1993-A70D-438F-9DB5-92E718C8C0F0}.Debug|x86.ActiveCfg = Debug|Win32
		{18AD1993-A70D-438F-9DB5-92E718C8C0F0}.Debug|x86.Build.0 = Debug|Win32
		{18AD1993-A70D-438F-9DB5-92E718C8C0F0}.Release|x64.ActiveCfg = Release|x64
		{18AD1993-A70D-438F-9DB5-92E718C8C0F0}.Release|x64.Build.0 = Release|x64
		{18AD1993-A70D-438F-9DB5-92E718C8C0F0}.Release|x86.ActiveCfg = Release|Win32
		{18AD1993-A70D-438F-9DB5-92E718C8C0F0}.Release|x86.Build.0 = Release|Win32
		{C6C9FEBC-0F61-4290-900A-5CD5A543225A}.Debug|x64.ActiveCfg = Debug|x64
		{C6C9FEBC-0F61-4290-900A-5CD5A543225A}.Debug|x64.Build.0 = Debug|x64
		{C6C9FEBC-0F61-4290-900A-5CD5A543225A}.Debug|x86.ActiveCfg = Debug|Win32
		{C6C9FEBC-0F61-4290-900A-5CD5A543225A}.Debug|x86.Build.0 = Debug|Win32
		{C6C9FEBC-0F61-4290-900A-5CD5A543225A}.Release|x64.ActiveCfg = Release|x64
		{C6C9FEBC-0F61-4290-900A-5CD5A543225A}.Release|x64.Build.0 = Release|x64
		{C6C9FEBC-0F61-4290-900A-5CD5A543225A}.Release|x86.ActiveCfg = Release|Win32
		{C6C9FEBC-0F61-4290-900A-5CD5A543225A}.Release|x86.Build.0 = Release|Win32
		{95802C29-F662-492A-A73F-74C7757C0ED2}.Debug|x64.ActiveCfg = Debug|x64
		{95802C29-F662-492A-A73F-74C7757C0ED2}.Debug|x64.Build.0 = Debug|x64
		{95802C29-F662-492A-A73F-74C7757C0ED2}.Debug|x86.ActiveCfg = Debug|Win32
		{95802C29-F662-492A-A73F-74C7757C0ED2}.Debug|x86.Build.0 = Debug|Win32
		{95802C29-F662-492A-A73F-74C7757C0ED2}.Release|x64.ActiveCfg = Release|x64
		{95802C29-F662-492A-A73F-74C7757C0ED2}.Release|x64.Build.0 = Release|x64
		{95802C29-F662-492A-A73F-74C7757C0ED2}.Release|x86.ActiveCfg = Release|Win32
		{95802C29-F662-492A-A73F-74C7757C0ED2}.Release|x86.Build.0 = Release|Win32
		{B17A9BDA-3C0E-4D54-87D9-F258E379DBEF}.Debug|x64.ActiveCfg = Debug|x64
		{B17A9BDA-3C0E-4D54-87D9-F258E379DBEF}.Debug|x64.Build.0 = Debug|x64
		{B17A9BDA-3C0E-4D54-87D9-F258E379DBEF}.Debug|x86.ActiveCfg = Debug|Win32
		{B17A9BDA-3C0E-4D54-87D9-F258E379DBEF}.Debug|x86.Build.0 = Debug|Win32
		{B17A9BDA-3C0E-4D54-87D9-F258E379DBEF}.Release|x64.ActiveCfg = Release|x64
		{B17A9BDA-3C0E-4D54-87D9-F258E379DBEF}.Release|x64.Build.0 = Release|x64
		{B17A9BDA-3C0E-4D54-87D9-F258E379DBEF}.Release|x86.ActiveCfg = Release|Win32
		{B17A9BDA-3C0E-4D54-87D9-F258E379DBEF}.Release|x86.Build.0 = Release|Win32
		{0BF5854D-B4FD-4658-A735-6D86E76E05B5}.Debug|x64.ActiveCfg = Debug|x64
		{0BF5854D-B4FD-4658-A735-6D86E76E05B5}.Debug|x64.Build.0 = Debug|x64
		{0BF5854D-B4FD-4658-A735-6D86E76E05B5}.Debug|x86.ActiveCfg = Debug|Win32
		{0BF5854D-B4FD-4658-A735-6D86E76E05B5}.Debug|x86.Build.0 = Debug|Win32
		{0BF5854D-B4FD-4658-A735-6D86E76E05B5}.Release|x64.ActiveCfg = Release|x64
		{0BF5854D-B4FD-4658-A735-6D86E76E05B5}.Release|x64.Build.0 = Release|x64
		{0BF5854D-B4FD-4658-A735-6D86E76E05B5}.Release|x86.ActiveCfg = Release|Win32
		{0BF5854D-B4FD-4658-A735-6D86E76E05B5}.Release|x86.Build.0 = Release|Win32
		{E318AC53-B0B9-4378-B00E-274C4F6BA6CF}.Debug|x64.ActiveCfg = Debug|x64
		{E318AC53-B0B9-4378-B00E-274C4F6BA6CF}.Debug|x64.Build.0 = Debug|x64
		{E318AC53-B0B9-4378-B00E-274C4F6BA6CF}.Debug|x86.ActiveCfg = Debug|Win32
		{E318AC53-B0B9-4378-B00E-274C4F6BA6CF}.Debug|x86.Build.0 = Debug|Win32
		{E318AC53-B0B9-4378-B00E-274C4F6BA6CF}.Release|x64.ActiveCfg = Release|x64
		{E318AC53-B0B9-4378-B00E-274C4F6BA6CF}.Release|x64.Build.0 = Release|x64
		{E318AC53-B0B9-4378-B00E-274C4F6BA6CF}.Release|x86.ActiveCfg = Release|Win32
		{E318AC53-B0B9-4378-B00E-274C4F6BA6CF}.Release|x86.Build.0 = Release|Win32
		{B0541B67-E22A-4B9C-8AB5-60E7150B1FFB}.Debug|x64.ActiveCfg = Debug|x64
		{B0541B67-E22A-4B9C-8AB5-60E7150B1FFB}.Debug|x64.Build.0 = Debug|x64
		{B0541B67-E22A-4B9C-8AB5-60E7150B1FFB}.Debug|x86.ActiveCfg = Debug|Win32
		{B0541B67-E22A-4B9C-8AB5-60E7150B1FFB}.Debug|x86.Build.0 = Debug|Win32
		{B0541B67-E22A-4B9C-8AB5-60E7150B1FFB}.Release|x64.ActiveCfg = Release|x64
		{B0541B67-E22A-4B9C-8AB5-60E7150B1FFB}.Release|x64.Build.0 = Release|x64
		{B0541B67-E22A-4B9C-8AB5-60E7150B1FFB}.Release|x86.ActiveCfg = Release|Win32
		{B0541B67-E22A-4B9C-8AB5-60E7150B1FFB}.Release|x86.Build.0 = Release|Win32
		{ACFCA661-642D-4E90-8D94-A930B305E93D}.Debug|x64.ActiveCfg = Debug|x64
		{ACFCA661-642D-4E90-8D94-A930B305E93D}.Debug|x64.Build.0 = Debug|x64
		{ACFCA661-642D-4E90-8D94-A930B305E93D}.Debug|x86.ActiveCfg = Debug|Win32
		{ACFCA661-642D-4E90-8D94-A930B305E93D}.Debug|x86.Build.0 = Debug|Win32
		{ACFCA661-642D-4E90-8D94-A930B305E93D}.Release|x64.ActiveCfg = Release|x64
		{ACFCA661-642D-4E90-8D94-A930B305E93D}.Release|x64.Build.0 = Release|x64
		{ACFCA661-642D-4E90-8D94-A930B305E93D}.Release|x86.ActiveCfg = Release|Win32
		{ACFCA661-642D-4E90-8D94-A930B305E93D}.Release|x86.Build.0 = Release|Win32
		{97A11EDA-5745-4DA9-B4EA-3D226519F47F}.Debug|x64.ActiveCfg = Debug|x64
		{97A11EDA-5745-4DA9-B4EA-3D226519F47F}.Debug|x64.Build.0 = Debug|x64
		{97A11EDA-5745-4DA9-B4EA-3D226519F47F}.Debug|x86.ActiveCfg = Debug|Win32
		{97A11EDA-5745-4DA9-B4EA-3D226519F47F}.Debug|x86.Build.0 = Debug|Win32
		{97A11EDA-5745-4DA9-B4EA-3D226519F47F}.Release|x64.ActiveCfg = Release|x64
		{97A11EDA-5745-4DA9-B4EA-3D226519F47F}.Release|x64.Build.0 = Release|x64
		{97A11EDA-5745-4DA9-B4EA-3D226519F47F}.Release|x86.ActiveCfg = Release|Win32
		{97A11EDA-5745-4DA9-B4EA-3D226519F47F}.Release|x86.Build.0 = Release|Win32
		{40DBCB03-ABFA-44E5-9716-0BB12B38E2E2}.Debug|x64.ActiveCfg = Debug|x64
		{40DBCB03-ABFA-44E5-9716-0BB12B38E2E2}.Debug|x64.Build.0 = Debug|x64
		{40DBCB03-ABFA-44E5-9716-0BB12B38E2E2}.Debug|x86.ActiveCfg = Debug|Win32
		{40DBCB03-ABFA-44E5-9716-0BB12B38E2E2}.Debug|x86.Build.0 = Debug|Win32
		{40DBCB03-ABFA-44E5-9716-0BB12B38E2E2}.Release|x64.ActiveCfg = Release|x64
		{40DBCB03-ABFA-44E5-9716-0BB12B38E2E2}.Release|x64.Build.0 = Release|x64
		{40DBCB03-ABFA-44E5-9716-0BB12B38E2E2}.Release|x86.ActiveCfg = Release|Win32
		{40DBCB03-ABFA-44E5-9716-0BB12B38E2E2}.Release|x86.Build.0 = Release|Win32
		{2D95C3B0-5804-4D55-A182-CD56CB3A2753}.Debug|x64.ActiveCfg = Debug|x64
		{2D95C3B0-5804-4D55-A182-CD56CB3A2753}.Debug|x64.Build.0 = Debug|x64
		{2D95C3B0-5804-4D55-A182-CD56CB3A2753}.Debug|x86.ActiveCfg = Debug|Win32
		{2D95C3B0-5804-4D55-A182-CD56CB3A2753}.Debug|x86.Build.0 = Debug|Win32
		{2D95C3B0-5804-4D55-A182-CD56CB3A2753}.Release|x64.ActiveCfg = Release|x64
		{2D95C3B0-5804-4D55-A182-CD56CB3A2753}.Release|x64.Build.0 = Release|x64
		{2D95C3B0-5804-4D55-A182-CD56CB3A2753}.Release|x86.ActiveCfg = Release|Win32
		{2D95C3B0-5804-4D55-A182-CD56CB3A2753}.Release|x86.Build.0 = Release|Win32
		{A08CAE4B-D19F-47BB-B0D0-6B50AB59A16C}.Debug|x64.ActiveCfg = Debug|x64
		{A08CAE4B-D19F-47BB-B0D0-6B50AB59A16C}.Debug|x64.Build.0 = Debug|x64
		{A08CAE4B-D19F-47BB-B0D0-6B50AB59A16C}.Debug|x86.ActiveCfg = Debug|Win32
		{A08CAE4B-D19F-47BB-B0D0-6B50AB59A16C}.Debug|x86.Build.0 = Debug|Win32
		{A08CAE4B-D19F-47BB-B0D0-6B50AB59A16C}.Release|x64.ActiveCfg = Release|x64
		{A08CAE4B-D19F-47BB-B0D0-6B50AB59A16C}.Release|x64.Build.0 = Release|x64
		{A08CAE4B-D19F-47BB-B0D0-6B50AB59A16C}.Release|x86.ActiveCfg = Release|Win32
		{A08CAE4B-D19F-47BB-B0D0-6B50AB59A16C}.Release|x86.Build.0 = Release|Win32
		{E581EA03-A18C-4C15-A48F-E9B6C097B157}.Debug|x64.ActiveCfg = Debug|x64
		{E581EA03-A18C-4C15-A48F-E9B6C097B157}.Debug|x64.Build.0 = Debug|x64
		{E581EA03-A18C-4C15-A48F-E9B6C097B157}.Debug|x86.ActiveCfg = Debug|Win32
		{E581EA03-A18C-4C15-A48F-E9B6C097B157}.Debug|x86.Build.0 = Debug|Win32
		{E581EA03-A18C-4C15-A48F-E9B6C097B157}.Release|x64.ActiveCfg = Release|x64
		{E581EA03-A18C-4C15-A48F-E9B6C097B157}.Release|x64.Build.0 = Release|x64
		{E581EA03-A18C-4C15-A48F-E9B6C097B157}.Release|x86.ActiveCfg = Release|Win32
		{E581EA03-A18C-4C15-A48F-E9B6C097B157}.Release|x86.Build.0 = Release|Win32
		{DF7397D4-B26B-41E8-B05E-F8067738A4B9}.Debug|x64.ActiveCfg = Debug|x64
		{DF7397D4-B26B-41E8-B05E-F8067738A4B9}.Debug|x64.Build.0 = Debug|x64
		{DF7397D4-B26B-41E8-B05E-F8067738A4B9}.Debug|x86.ActiveCfg = Debug|Win32
		{DF7397D4-B26B-41E8-B05E-F8067738A4B9}.Debug|x86.Build.0 = Debug|Win32
		{DF7397D4-B26B-41E8-B05E-F8067738A4B9}.Release|x64.ActiveCfg = Release|x64
		{DF7397D4-B26B-41E8-B05E-F8067738A4B9}.Release|x64.Build.0 = Release|x64
		{DF7397D4-B26B-41E8-B05E-F8067738A4B9}.Release|x86.ActiveCfg = Release|Win32
		{DF7397D4-B26B-41E8-B05E-F8067738A4B9}.Release|x86.Build.0 = Release|Win32
		{919B2913-E460-4733-A329-90C42AA72E27}.Debug|x64.ActiveCfg = Debug|x64
		{919B2913-E460-4733-A329-90C42AA72E27}.Debug|x64.Build.0 = Debug|x64
		{919B2913-E460-4733-A329-90C42AA72E27}.Debug|x86.ActiveCfg = Debug|Win32
		{919B2913-E460-4733-A329-90C42AA72E27}.Debug|x86.Build.0 = Debug|Win32
		{919B2913-E460-4733-A329-90C42AA72E27}.Release|x64.ActiveCfg = Release|x64
		{919B2913-E460-4733-A329-90C42AA72E27}.Release|x64.Build.0 = Release|x64
		{919B2913-E460-4733-A329-90C42AA72E27}.Release|x86.ActiveCfg = Release|Win32
		{919B2913-E460-4733-A329-90C42AA72E27}.Release|x86.Build.0 = Release|Win32
		{C4051427-47D3-45F3-BD58-C1EC9CE734F6}.Debug|x64.ActiveCfg = Debug|x64
		{C4051427-47D3-45F3-BD58-C1EC9CE734F6}.Debug|x64.Build.0 = Debug|x64
		{C4051427-47D3-45F3-BD58-C1EC9CE734F6}.Debug|x86.ActiveCfg = Debug|Win32
		{C4051427-47D3-45F3-BD58-C1EC9CE734F6}.Debug|x86.Build.0 = Debug|Win32
		{C4051427-47D3-45F3-BD58-C1EC9CE734F6}.Release|x64.ActiveCfg = Release|x64
		{C4051427-47D3-45F3-BD58-C1EC9CE734F6}.Release|x64.Build.0 = Release|x64
		{C4051427-47D3-45F3-BD58-C1EC9CE734F6}.Release|x86.ActiveCfg = Release|Win32
		{C4051427-47D3-45F3-BD58-C1EC9CE734F6}.Release|x86.Build.0 = Release|Win32
		{5CD8537C-7DAD-47C5-AC2F-286A3DBB1701}.Debug|x64.ActiveCfg = Debug|x64
		{5CD8537C-7DAD-47C5-AC2F-286A3DBB1701}.Debug|x64.Build.0 = Debug|x64
		{5CD8537C-7DAD-47C5-AC2F-286A3DBB1701}.Debug|x86.ActiveCfg = Debug|Win32
		{5CD8537C-7DAD-47C5-AC2F-286A3DBB1701}.Debug|x86.Build.0 = Debug|Win32
		{5CD8537C-7DAD-47C5-AC2F-286A3DBB1701}.Release|x64.ActiveCfg = Release|x64
		{5CD8537C-7DAD-47C5-AC2F-286A3DBB1701}.Release|x64.Build.0 = Release|x64
		{5CD8537C-7DAD-47C5-AC2F-286A3DBB1701}.Release|x86.ActiveCfg = Release|Win32
		{5CD8537C-7DAD-47C5-AC2F-286A3DBB1701}.Release|x86.Build.0 = Release|Win32
		{A3A7496D-64ED-4899-8D44-E5D489FCB187}.Debug|x64.ActiveCfg = Debug|x64
		{A3A7496D-64ED-4899-8D44-E5D489FCB187}.Debug|x64.Build.0 = Debug|x64
		{A3A7496D-64ED-4899-8D44-E5D489FCB187}.Debug|x86.ActiveCfg = Debug|Win32
		{A3A7496D-64ED-4899-8D44-E5D489FCB187}.Debug|x86.Build.0 = Debug|Win32
		{A3A7496D-64ED-4899-8D44-E5D489FCB187}.Release|x64.ActiveCfg = Release|x64
		{A3A7496D-64ED-4899-8D44-E5D489FCB187}.Release|x64.Build.0 = Release|x64
		{A3A7496D-64ED-4899-8D44-E5D489FCB187}.Release|x86.ActiveCfg = Release|Win32
		{A3A7496D-64ED-4899-8D44-E5D489FCB187}.Release|x86.Build.0 = Release|Win32
		{E1AF7F93-07D4-44D0-866D-0FE6AB37ABC6}.Debug|x64.ActiveCfg = Debug|x64
		{E1AF7F93-07D4-44D0-866D-0FE6AB37ABC6}.Debug|x64.Build.0 = Debug|x64
		{E1AF7F93-07D4-44D0-866D-0FE6AB37ABC6}.Debug|x86.ActiveCfg = Debug|Win32
		{E1AF7F93-07D4-44D0-866D-0FE6AB37ABC6}.Debug|x86.Build.0 = Debug|Win32
		{E1AF7F93-07D4-44D0-866D-0FE6AB37ABC6}.Release|x64.ActiveCfg = Release|x64
		{E1AF7F93-07D4-44D0-866D-0FE6AB37ABC6}.Release|x64.Build.0 = Release|x64
		{E1AF7F93-07D4-44D0-866D-0FE6AB37ABC6}.Release|x86.ActiveCfg = Release|Win32
		{E1AF7F93-07D4-44D0-866D-0FE6AB37ABC6}.Release|x86.Build.0 = Release|Win32
		{D9D328E5-7175-4A31-88C1-F12547A59613}.Debug|x64.ActiveCfg = Debug|x64
		{D9D328E5-7175-4A31-88C1-F12547A59613}.Debug|x64.Build.0 = Debug|x64
		{D9D328E5-7175-4A31-88C1-F12547A59613}.Debug|x86.ActiveCfg = Debug|Win32
		{D9D328E5-7175-4A31-88C1-F12547A59613}.Debug|x86.Build.0 = Debug|Win32
		{D9D328E5-7175-4A31-88C1-F12547A59613}.Release|x64.ActiveCfg = Release|x64
		{D9D328E5-7175-4A31-88C1-F12547A59613}.Release|x64.Build.0 = Release|x64
		{D9D328E5-7175-4A31-88C1-F12547A59613}.Release|x86.ActiveCfg = Release|Win32
		{D9D328E5-7175-4A31-88C1-F12547A59613}.Release|x86.Build.0 = Release|Win32
		{95EDE99A-9CBB-4487-B506-ADE4F0483404}.Debug|x64.ActiveCfg = Debug|x64
		{95EDE99A-9CBB-4487-B506-ADE4F0483404}.Debug|x64.Build.0 = Debug|x64
		{95EDE99A-9CBB-4487-B506-ADE4F0483404}.Debug|x86.ActiveCfg = Debug|Win32
		{95EDE99A-9CBB-4487-B506-ADE4F0483404}.Debug|x86.Build.0 = Debug|Win32
		{95EDE99A-9CBB-4487-B506-ADE4F0483404}.Release|x64.ActiveCfg = Release|x64
		{95EDE99A-9CBB-4487-B506-ADE4F0483404}.Release|x64.Build.0 = Release|x64
		{95EDE99A-9CBB-4487-B506-ADE4F0483404}.Release|x86.ActiveCfg = Release|Win32
		{95EDE99A-9CBB-4487-B506-ADE4F0483404}.Release|x86.Build.0 = Release|Win32
		{E82262BD-0E2F-429C-AE7F-3BFE1D39C45F}.Debug|x64.ActiveCfg = Debug|x64
		{E82262BD-0E2F-429C-AE7F-3BFE1D39C45F}.Debug|x64.Build.0 = Debug|x64
		{E82262BD-0E2F-429C-AE7F-3BFE1D39C45F}.Debug|x86.ActiveCfg = Debug|Win32
		{E82262BD-0E2F-429C-AE7F-3BFE1D39C45F}.Debug|x86.Build.0 = Debug|Win32
		{E82262BD-0E2F-429C-AE7F-3BFE1D39C45F}.Release|x64.ActiveCfg = Release|x64
		{E82262BD-0E2F-429C-AE7F-3BFE1D39C45F}.Release|x64.Build.0 = Release|x64
		{E82262BD-0E2F-429C-AE7F-3BFE1D39C45F}.Release|x86.ActiveCfg = Release|Win32
		{E82262BD-0E2F-429C-AE7F-3BFE1D39C45F}.Release|x86.Build.0 = Release|Win32
		{92E92053-AB57-485C-8ED9-17C559766AFA}.Debug|x64.ActiveCfg = Debug|x64
		{92E92053-AB57-485C-8ED9-17C559766AFA}.Debug|x64.Build.0 = Debug|x64
		{92E92053-AB57-485C-8ED9-17C559766AFA}.Debug|x86.ActiveCfg = Debug|Win32
		{92E92053-AB57-485C-8ED9-17C559766AFA}.Debug|x86.Build.0 = Debug|Win32
		{92E92053-AB57-485C-8ED9-17C559766AFA}.Release|x64.ActiveCfg = Release|x64
		{92E92053-AB57-485C-8ED9-17C559766AFA}.Release|x64.Build.0 = Release|x64
		{92E92053-AB57-485C-8ED9-17C559766AFA}.Release|x86.ActiveCfg = Release|Win32
		{92E92053-AB57-485C-8ED9-17C559766AFA}.Release|x86.Build.0 = Release|Win32
		{6AAD19CF-7857-4204-A5B8-0EEB01317A28}.Debug|x64.ActiveCfg = Debug|x64
		{6AAD19CF-7857-4204-A5B8-0EEB01317A28}.Debug|x64.Build.0 = Debug|x64
		{6AAD19CF-7857-4204-A5B8-0EEB01317A28}.Debug|x86.ActiveCfg = Debug|Win32
		{6AAD19CF-7857-4204-A5B8-0EEB01317A28}.Debug|x86.Build.0 = Debug|Win32
		{6AAD19CF-7857-4204-A5B8-0EEB01317A28}.Release|x64.ActiveCfg = Release|x64
		{6AAD19CF-7857-4204-A5B8-0EEB01317A28}.Release|x64.Build.0 = Release|x64
		{6AAD19CF-7857-4204-A5B8-0EEB01317A28}.Release|x86.ActiveCfg = Release|Win32
		{6AAD19CF-7857-4204-A5B8-0EEB01317A28}.Release|x86.Build.0 = Release|Win32
		{F57BF998-CA0C-427D-9BB6-225525B57574}.Debug|x64.ActiveCfg = Debug|x64
		{F57BF998-CA0C-427D-9BB6-225525B57574}.Debug|x64.Build.0 = Debug|x64
		{F57BF998-CA0C-427D-9BB6-225525B57574}.Debug|x86.ActiveCfg = Debug|Win32
		{F57BF998-CA0C-427D-9BB6-225525B57574}.Debug|x86.Build.0 = Debug|Win32
		{F57BF998-CA0C-427D-9BB6-225525B57574}.Release|x64.ActiveCfg = Release|x64
		{F57BF998-CA0C-427D-9BB6-225525B57574}.Release|x64.Build.0 = Release|x64
		{F57BF998-CA0C-427D-9BB6-225525B57574}.Release|x86.ActiveCfg = Release|Win32
		{F57BF998-CA0C-427D-9BB6-225525B57574}.Release|x86.Build.0 = Release|Win32
		{F45F6343-2DFA-47B9-AC1C-7BF311983CB0}.Debug|x64.ActiveCfg = Debug|x64
		{F45F6343-2DFA-47B9-AC1C-7BF311983CB0}.Debug|x64.Build.0 = Debug|x64
		{F45F6343-2DFA-47B9-AC1C-7BF311983CB0}.Debug|x86.ActiveCfg = Debug|Win32
		{F45F6343-2DFA-47B9-AC1C-7BF311983CB0}.Debug|x86.Build.0 = Debug|Win32
		{F45F6343-2DFA-47B9-AC1C-7BF311983CB0}.Release|x64.ActiveCfg = Release|x64
		{F45F6343-2DFA-47B9-AC1C-7BF311983CB0}.Release|x64.Build.0 = Release|x64
		{F45F6343-2DFA-47B9-AC1C-7BF311983CB0}.Release|x86.ActiveCfg = Release|Win32
		{F45F6343-2DFA-47B9-AC1C-7BF311983CB0}.Release|x86.Build.0 = Release|Win32
		{81CE8FC2-98BD-4903-9EB9-DC2A4C4F06AF}.Debug|x64.ActiveCfg = Debug|x64
		{81CE8FC2-98BD-4903-9EB9-DC2A4C4F06AF}.Debug|x64.Build.0 = Debug|x64
		{81CE8FC2-98BD-4903-9EB9-DC2A4C4F06AF}.Debug|x86.ActiveCfg = Debug|Win32
		{81CE8FC2-98BD-4903-9EB9-DC2A4C4F06AF}.Debug|x86.Build.0 = Debug|Win32
		{81CE8FC2-98BD-4903-9EB9-DC2A4C4F06AF}.Release|x64.ActiveCfg = Release|x64
		{81CE8FC2-98BD-4903-9EB9-DC2A4C4F06AF}.Release|x64.Build.0 = Release|x64
		{81CE8FC2-98BD-4903-9EB9-DC2A4C4F06AF}.Release|x86.ActiveCfg = Release|Win32
		{81CE8FC2-98BD-4903-9EB9-DC2A4C4F06AF}.Release|x86.Build.0 = Release|Win32
		{9E50FE8B-CBEC-4C21-BC71-DB73369D7937}.Debug|x64.ActiveCfg = Debug|x64
		{9E50FE8B-CBEC-4C21-BC71-DB73369D7937}.Debug|x64.Build.0 = Debug|x64
		{9E50FE8B-CBEC-4C21-BC71-DB73369D7937}.Debug|x86.ActiveCfg = Debug|Win32
		{9E50FE8B-CBEC-4C21-BC71-DB73369D7937}.Debug|x86.Build.0 = Debug|Win32
		{9E50FE8B-CBEC-4C21-BC71-DB73369D7937}.Release|x64.ActiveCfg = Release|x64
		{9E50FE8B-CBEC-4C21-BC71-DB73369D7937}.Release|x64.Build.0 = Release|x64
		{9E50FE8B-CBEC-4C21-BC71-DB73369D7937}.Release|x86.ActiveCfg = Release|Win32
		{9E50FE8B-CBEC-4C21-BC71-DB73369D7937}.Release|x86.Build.0 = Release|Win32
		{CCCD4272-AF0C-4DEE-B4AD-ED1FAEF9434B}.Debug|x64.ActiveCfg = Debug|x64
		{CCCD4272-AF0C-4DEE-B4AD-ED1FAEF9434B}.Debug|x64.Build.0 = Debug|x64
		{CCCD4272-AF0C-4DEE-B4AD-ED1FAEF9434B}.Debug|x86.ActiveCfg = Debug|Win32
		{CCCD4272-AF0C-4DEE-B4AD-ED1FAEF9434B}.Debug|x86.Build.0 = Debug|Win32
		{CCCD4272-AF0C-4DEE-B4AD-ED1FAEF9434B}.Release|x64.ActiveCfg = Release|x64
		{CCCD4272-AF0C-4DEE-B4AD-ED1FAEF9434B}.Release|x64.Build.0 = Release|x64
		{CCCD4272-AF0C-4DEE-B4AD-ED1FAEF9434B}.Release|x86.ActiveCfg = Release|Win32
		{CCCD4272-AF0C-4DEE-B4AD-ED1FAEF9434B}.Release|x86.Build.0 = Release|Win32
		{FA7ED3D4-2AF0-4A51-A5F7-6AD92833BE8A}.Debug|x64.ActiveCfg = Debug|x64
		{FA7ED3D4-2AF0-4A51-A5F7-6AD92833BE8A}.Debug|x64.Build.0 = Debug|x64
		{FA7ED3D4-2AF0-4A51-A5F7-6AD92833BE8A}.Debug|x86.ActiveCfg = Debug|Win32
		{FA7ED3D4-2AF0-4A51-A5F7-6AD92833BE8A}.Debug|x86.Build.0 = Debug|Win32
		{FA7ED3D4-2AF0-4A51-A5F7-6AD92833BE8A}.Release|x64.ActiveCfg = Release|x64
		{FA7ED3D4-2AF0-4A51-A5F7-6AD92833BE8A}.Release|x64.Build.0 = Release|x64
		{FA7ED3D4-2AF0-4A51-A5F7-6AD92833BE8A}.Release|x86.ActiveCfg = Release|Win32
		{FA7ED3D4-2AF0-4A51-A5F7-6AD92833BE8A}.Release|x86.Build.0 = Release|Win32
	EndGlobalSection
	GlobalSection(SolutionProperties) = preSolution
		HideSolutionNode = FALSE
	EndGlobalSection
	GlobalSection(NestedProjects) = preSolution
		{18AD1993-A70D-438F-9DB5-92E718C8C0F0} = {075D24DD-2106-4922-BE5F-726D43D08A2D}
		{C6C9FEBC-0F61-4290-900A-5CD5A543225A} = {075D24DD-2106-4922-BE5F-726D43D08A2D}
		{95802C29-F662-492A-A73F-74C7757C0ED2} = {075D24DD-2106-4922-BE5F-726D43D08A2D}
		{B17A9BDA-3C0E-4D54-87D9-F258E379DBEF} = {075D24DD-2106-4922-BE5F-726D43D08A2D}
		{0BF5854D-B4FD-4658-A735-6D86E76E05B5} = {075D24DD-2106-4922-BE5F-726D43D08A2D}
		{E318AC53-B0B9-4378-B00E-274C4F6BA6CF} = {075D24DD-2106-4922-BE5F-726D43D08A2D}
		{B0541B67-E22A-4B9C-8AB5-60E7150B1FFB} = {075D24DD-2106-4922-BE5F-726D43D08A2D}
		{ACFCA661-642D-4E90-8D94-A930B305E93D} = {075D24DD-2106-4922-BE5F-726D43D08A2D}
		{97A11EDA-5745-4DA9-B4EA-3D226519F47F} = {075D24DD-2106-4922-BE5F-726D43D08A2D}
		{40DBCB03-ABFA-44E5-9716-0BB12B38E2E2} = {075D24DD-2106-4922-BE5F-726D43D08A2D}
		{2D95C3B0-5804-4D55-A182-CD56CB3A2753} = {075D24DD-2106-4922-BE5F-726D43D08A2D}
		{A08CAE4B-D19F-47BB-B0D0-6B50AB59A16C} = {075D24DD-2106-4922-BE5F-726D43D08A2D}
		{E581EA03-A18C-4C15-A48F-E9B6C097B157} = {075D24DD-2106-4922-BE5F-726D43D08A2D}
		{DF7397D4-B26B-41E8-B05E-F8067738A4B9} = {075D24DD-2106-4922-BE5F-726D43D08A2D}
		{919B2913-E460-4733-A329-90C42AA72E27} = {075D24DD-2106-4922-BE5F-726D43D08A2D}
		{C4051427-47D3-45F3-BD58-C1EC9CE734F6} = {075D24DD-2106-4922-BE5F-726D43D08A2D}
		{5CD8537C-7DAD-47C5-AC2F-286A3DBB1701} = {075D24DD-2106-4922-BE5F-726D43D08A2D}
		{A3A7496D-64ED-4899-8D44-E5D489FCB187} = {075D24DD-2106-4922-BE5F-726D43D08A2D}
		{E1AF7F93-07D4-44D0-866D-0FE6AB37ABC6} = {075D24DD-2106-4922-BE5F-726D43D08A2D}
		{D9D328E5-7175-4A31-88C1-F12547A59613} = {075D24DD-2106-4922-BE5F-726D43D08A2D}
		{95EDE99A-9CBB-4487-B506-ADE4F0483404} = {075D24DD-2106-4922-BE5F-726D43D08A2D}
		{E82262BD-0E2F-429C-AE7F-3BFE1D39C45F} = {075D24DD-2106-4922-BE5F-726D43D08A2D}
		{92E92053-AB57-485C-8ED9-17C559766AFA} = {71308C29-FC96-4E6F-9F5E-06C933CEEAAC}
		{6AAD19CF-7857-4204-A5B8-0EEB01317A28} = {71308C29-FC96-4E6F-9F5E-06C933CEEAAC}
		{F57BF998-CA0C-427D-9BB6-225525B57574} = {71308C29-FC96-4E6F-9F5E-06C933CEEAAC}
		{F45F6343-2DFA-47B9-AC1C-7BF311983CB0} = {71308C29-FC96-4E6F-9F5E-06C933CEEAAC}
		{81CE8FC2-98BD-4903-9EB9-DC2A4C4F06AF} = {71308C29-FC96-4E6F-9F5E-06C933CEEAAC}
		{9E50FE8B-CBEC-4C21-BC71-DB73369D7937} = {71308C29-FC96-4E6F-9F5E-06C933CEEAAC}
		{CCCD4272-AF0C-4DEE-B4AD-ED1FAEF9434B} = {71308C29-FC96-4E6F-9F5E-06C933CEEAAC}
		{FA7ED3D4-2AF0-4A51-A5F7-6AD92833BE8A} = {71308C29-FC96-4E6F-9F5E-06C933CEEAAC}
	EndGlobalSection
	GlobalSection(ExtensibilityGlobals) = postSolution
		SolutionGuid = {1D8E1024-A417-4F71-836F-7221E6630C33}
	EndGlobalSection
EndGlobal
